Microsoft Visual Studio Solution File, Format Version 12.00
# Visual Studio Version 17
VisualStudioVersion = 17.5.2.0
MinimumVisualStudioVersion = 10.0.40219.1
Project("{2150E333-8FDC-42A3-9474-1A3956D46DE8}") = "api", "api", "{D82C56D6-B2CD-F611-9E31-04638F7EC30E}"
EndProject
Project("{2150E333-8FDC-42A3-9474-1A3956D46DE8}") = "src", "src", "{7218997D-3624-D017-E052-9D306D24EF0B}"
EndProject
Project("{FAE04EC0-301F-11D3-BF4B-00C04F79EFBC}") = "GroceryPriceApi", "api\src\GroceryPriceApi\GroceryPriceApi.csproj", "{DFC255C0-3B65-7D06-55FA-A0556E1345FF}"
EndProject
Global
	GlobalSection(SolutionConfigurationPlatforms) = preSolution
		Debug|Any CPU = Debug|Any CPU
		Release|Any CPU = Release|Any CPU
	EndGlobalSection
	GlobalSection(ProjectConfigurationPlatforms) = postSolution
		{DFC255C0-3B65-7D06-55FA-A0556E1345FF}.Debug|Any CPU.ActiveCfg = Debug|Any CPU
		{DFC255C0-3B65-7D06-55FA-A0556E1345FF}.Debug|Any CPU.Build.0 = Debug|Any CPU
		{DFC255C0-3B65-7D06-55FA-A0556E1345FF}.Release|Any CPU.ActiveCfg = Release|Any CPU
		{DFC255C0-3B65-7D06-55FA-A0556E1345FF}.Release|Any CPU.Build.0 = Release|Any CPU
	EndGlobalSection
	GlobalSection(SolutionProperties) = preSolution
		HideSolutionNode = FALSE
	EndGlobalSection
	GlobalSection(NestedProjects) = preSolution
		{7218997D-3624-D017-E052-9D306D24EF0B} = {D82C56D6-B2CD-F611-9E31-04638F7EC30E}
		{DFC255C0-3B65-7D06-55FA-A0556E1345FF} = {7218997D-3624-D017-E052-9D306D24EF0B}
	EndGlobalSection
	GlobalSection(ExtensibilityGlobals) = postSolution
		SolutionGuid = {00542D2D-5B57-4744-A636-516E0074FF55}
	EndGlobalSection
EndGlobal
